
Microsoft Visual Studio Solution File, Format Version 12.00
# Visual Studio 15
VisualStudioVersion = 15.0.27703.2026
MinimumVisualStudioVersion = 10.0.40219.1
Project("{9A19103F-16F7-4668-BE54-9A1E7A4F7556}") = "Simkl", "Simkl-Emby\Simkl.csproj", "{0358FFF8-3834-48ED-89D5-2B73846CCB7E}"
EndProject
Global
	GlobalSection(SolutionConfigurationPlatforms) = preSolution
		Debug|Any CPU = Debug|Any CPU
		Release|Any CPU = Release|Any CPU
	EndGlobalSection
	GlobalSection(ProjectConfigurationPlatforms) = postSolution
		{0358FFF8-3834-48ED-89D5-2B73846CCB7E}.Debug|Any CPU.ActiveCfg = Debug|Any CPU
		{0358FFF8-3834-48ED-89D5-2B73846CCB7E}.Debug|Any CPU.Build.0 = Debug|Any CPU
		{0358FFF8-3834-48ED-89D5-2B73846CCB7E}.Release|Any CPU.ActiveCfg = Release|Any CPU
		{0358FFF8-3834-48ED-89D5-2B73846CCB7E}.Release|Any CPU.Build.0 = Release|Any CPU
	EndGlobalSection
	GlobalSection(SolutionProperties) = preSolution
		HideSolutionNode = FALSE
	EndGlobalSection
	GlobalSection(ExtensibilityGlobals) = postSolution
		SolutionGuid = {FF287A72-4955-4145-A1DE-C8F706E3955B}
	EndGlobalSection
EndGlobal
